
Microsoft Visual Studio Solution File, Format Version 12.00
Project("{FAE04EC0-301F-11D3-BF4B-00C04F79EFBC}") = "WEB.System", "WEB.System\WEB.System.csproj", "{9700380C-FB36-4DD3-8776-028C49B09355}"
EndProject
Global
	GlobalSection(SolutionConfigurationPlatforms) = preSolution
		Debug|Any CPU = Debug|Any CPU
		Release|Any CPU = Release|Any CPU
	EndGlobalSection
	GlobalSection(ProjectConfigurationPlatforms) = postSolution
		{9700380C-FB36-4DD3-8776-028C49B09355}.Debug|Any CPU.ActiveCfg = Debug|Any CPU
		{9700380C-FB36-4DD3-8776-028C49B09355}.Debug|Any CPU.Build.0 = Debug|Any CPU
		{9700380C-FB36-4DD3-8776-028C49B09355}.Release|Any CPU.ActiveCfg = Release|Any CPU
		{9700380C-FB36-4DD3-8776-028C49B09355}.Release|Any CPU.Build.0 = Release|Any CPU
	EndGlobalSection
EndGlobal
